{
  "name": "voss-web-libs",
  "version": "1.0.0",
  "lockfileVersion": 3,
  "requires": true,
  "packages": {
    "": {
      "name": "voss-web-libs",
      "version": "1.0.0",
      "dependencies": {
        "@barba/core": "^2.10.3",
        "@rive-app/canvas": "^2.21.0",
        "@splinetool/viewer": "^1.9.28",
        "@theatre/core": "^0.5.1",
        "@theatre/studio": "^0.5.1",
        "animejs": "^3.2.2",
        "curtainsjs": "^8.1.6",
        "gsap": "^3.12.5",
        "howler": "^2.2.4",
        "lenis": "^1.1.18",
        "motion": "^12.0.0",
        "ogl": "^1.0.0",
        "postprocessing": "^6.36.0",
        "splitting": "^1.0.6",
        "three": "^0.175.0"
      }
    },
    "node_modules/@barba/core": {
      "version": "2.10.3",
      "resolved": "https://registry.npmjs.org/@barba/core/-/core-2.10.3.tgz",
      "integrity": "sha512-ovVeT1wUcdMg8Lu6Iel6yEBW2+s6iA7qfRLCVKTSIfJU9csiawU0UOmVJdcoy3WNOsF2Ur9UfoTUC9aDcm4c0w==",
      "license": "MIT",
      "dependencies": {
        "is-promise": "^4.0.0",
        "path-to-regexp": "^6.2.2"
      }
    },
    "node_modules/@lit-labs/ssr-dom-shim": {
      "version": "1.5.1",
      "resolved": "https://registry.npmjs.org/@lit-labs/ssr-dom-shim/-/ssr-dom-shim-1.5.1.tgz",
      "integrity": "sha512-Aou5UdlSpr5whQe8AA/bZG0jMj96CoJIWbGfZ91qieWu5AWUMKw8VR/pAkQkJYvBNhmCcWnZlyyk5oze8JIqYA==",
      "license": "BSD-3-Clause"
    },
    "node_modules/@lit/reactive-element": {
      "version": "1.6.3",
      "resolved": "https://registry.npmjs.org/@lit/reactive-element/-/reactive-element-1.6.3.tgz",
      "integrity": "sha512-QuTgnG52Poic7uM1AN5yJ09QMe0O28e10XzSvWDz02TJiiKee4stsiownEIadWm8nYzyDAyT+gKzUoZmiWQtsQ==",
      "license": "BSD-3-Clause",
      "dependencies": {
        "@lit-labs/ssr-dom-shim": "^1.0.0"
      }
    },
    "node_modules/@rive-app/canvas": {
      "version": "2.37.1",
      "resolved": "https://registry.npmjs.org/@rive-app/canvas/-/canvas-2.37.1.tgz",
      "integrity": "sha512-Uw14b9vXD5g56ttUktlV+mXX1EOpAwqOoMS+DAVSs6EDoeaUYM4bRSKB1glDiOotqjshLSfNihua73mLPp10cQ==",
      "license": "MIT"
    },
    "node_modules/@splinetool/viewer": {
      "version": "1.12.81",
      "resolved": "https://registry.npmjs.org/@splinetool/viewer/-/viewer-1.12.81.tgz",
      "integrity": "sha512-F6aOLkxV6puyUFEfh2As2dbM3FL11VYtqbwwmq/awURq37ScZAP38LYVe5UoW8q+A1H60Sss3HyQrLPjJmslNg==",
      "dependencies": {
        "lit": "2.6.0"
      }
    },
    "node_modules/@theatre/core": {
      "version": "0.5.1",
      "resolved": "https://registry.npmjs.org/@theatre/core/-/core-0.5.1.tgz",
      "integrity": "sha512-LV3LwHPWVm62bR6DUQ55t4kCaI1KGrz+rPLoA6pMJ57x+6vBpoSCI0b11gJPdA1mCXebcNWN+U5M3PP6jJaSSg==",
      "license": "Apache-2.0",
      "dependencies": {
        "@theatre/dataverse": "0.5.1"
      }
    },
    "node_modules/@theatre/dataverse": {
      "version": "0.5.1",
      "resolved": "https://registry.npmjs.org/@theatre/dataverse/-/dataverse-0.5.1.tgz",
      "integrity": "sha512-oTjR8fNDbY11GSp7kw8quuOE9IC/5qzTe++OjFgn5enHKcFSaSPAZ8SIyOs+Im9bYgjcJFg/AYgU3Xi/MENgwQ==",
      "license": "Apache-2.0",
      "dependencies": {
        "lodash-es": "^4.17.21"
      }
    },
    "node_modules/@theatre/studio": {
      "version": "0.5.1",
      "resolved": "https://registry.npmjs.org/@theatre/studio/-/studio-0.5.1.tgz",
      "integrity": "sha512-6r8JjSdUhL8JXMLlnhOLLFc/Br5Ddcq4EQmwUSCEBbFuJZcyb++GxV23p5W7a0DiB7NgtKdORj77n5NBt0WEpA==",
      "license": "AGPL-3.0-only",
      "dependencies": {
        "@theatre/dataverse": "0.5.1"
      },
      "peerDependencies": {
        "@theatre/core": "*"
      }
    },
    "node_modules/@types/trusted-types": {
      "version": "2.0.7",
      "resolved": "https://registry.npmjs.org/@types/trusted-types/-/trusted-types-2.0.7.tgz",
      "integrity": "sha512-ScaPdn1dQczgbl0QFTeTOmVHFULt394XJgOQNoyVhZ6r2vLnMLJfBPd53SB52T/3G36VI1/g2MZaX0cwDuXsfw==",
      "license": "MIT"
    },
    "node_modules/animejs": {
      "version": "3.2.2",
      "resolved": "https://registry.npmjs.org/animejs/-/animejs-3.2.2.tgz",
      "integrity": "sha512-Ao95qWLpDPXXM+WrmwcKbl6uNlC5tjnowlaRYtuVDHHoygjtIPfDUoK9NthrlZsQSKjZXlmji2TrBUAVbiH0LQ==",
      "license": "MIT"
    },
    "node_modules/curtainsjs": {
      "version": "8.1.6",
      "resolved": "https://registry.npmjs.org/curtainsjs/-/curtainsjs-8.1.6.tgz",
      "integrity": "sha512-sdZtA4LrhR7f2Ty90j//cLyQYnZJu2MsfZ1EWKj9TpcvrvEBNrbG506oK6JmJCB0epD5kTFKNkyrGCjiZz7Caw==",
      "license": "MIT"
    },
    "node_modules/framer-motion": {
      "version": "12.38.0",
      "resolved": "https://registry.npmjs.org/framer-motion/-/framer-motion-12.38.0.tgz",
      "integrity": "sha512-rFYkY/pigbcswl1XQSb7q424kSTQ8q6eAC+YUsSKooHQYuLdzdHjrt6uxUC+PRAO++q5IS7+TamgIw1AphxR+g==",
      "license": "MIT",
      "dependencies": {
        "motion-dom": "^12.38.0",
        "motion-utils": "^12.36.0",
        "tslib": "^2.4.0"
      },
      "peerDependencies": {
        "@emotion/is-prop-valid": "*",
        "react": "^18.0.0 || ^19.0.0",
        "react-dom": "^18.0.0 || ^19.0.0"
      },
      "peerDependenciesMeta": {
        "@emotion/is-prop-valid": {
          "optional": true
        },
        "react": {
          "optional": true
        },
        "react-dom": {
          "optional": true
        }
      }
    },
    "node_modules/gsap": {
      "version": "3.15.0",
      "resolved": "https://registry.npmjs.org/gsap/-/gsap-3.15.0.tgz",
      "integrity": "sha512-dMW4CWBTUK1AEEDeZc1g4xpPGIrSf9fJF960qbTZmN/QwZIWY5wgliS6JWl9/25fpTGJrMRtSjGtOmPnfjZB+A==",
      "license": "Standard 'no charge' license: https://gsap.com/standard-license."
    },
    "node_modules/howler": {
      "version": "2.2.4",
      "resolved": "https://registry.npmjs.org/howler/-/howler-2.2.4.tgz",
      "integrity": "sha512-iARIBPgcQrwtEr+tALF+rapJ8qSc+Set2GJQl7xT1MQzWaVkFebdJhR3alVlSiUf5U7nAANKuj3aWpwerocD5w==",
      "license": "MIT"
    },
    "node_modules/is-promise": {
      "version": "4.0.0",
      "resolved": "https://registry.npmjs.org/is-promise/-/is-promise-4.0.0.tgz",
      "integrity": "sha512-hvpoI6korhJMnej285dSg6nu1+e6uxs7zG3BYAm5byqDsgJNWwxzM6z6iZiAgQR4TJ30JmBTOwqZUw3WlyH3AQ==",
      "license": "MIT"
    },
    "node_modules/lenis": {
      "version": "1.3.23",
      "resolved": "https://registry.npmjs.org/lenis/-/lenis-1.3.23.tgz",
      "integrity": "sha512-YxYq3TJqj9sJNv0V9SkyQHejt14xwyIwgDaaMK89Uf9SxQfIszu+gTQSSphh6BWlLTNVKvvXAGkg+Zf+oFIevg==",
      "license": "MIT",
      "workspaces": [
        "packages/*",
        "playground",
        "playground/*"
      ],
      "funding": {
        "type": "github",
        "url": "https://github.com/sponsors/darkroomengineering"
      },
      "peerDependencies": {
        "@nuxt/kit": ">=3.0.0",
        "react": ">=17.0.0",
        "vue": ">=3.0.0"
      },
      "peerDependenciesMeta": {
        "@nuxt/kit": {
          "optional": true
        },
        "react": {
          "optional": true
        },
        "vue": {
          "optional": true
        }
      }
    },
    "node_modules/lit": {
      "version": "2.6.0",
      "resolved": "https://registry.npmjs.org/lit/-/lit-2.6.0.tgz",
      "integrity": "sha512-GUKVozhomdYlFVuB4UNipbPB5RcXNX4ns43uDA1gSTZN1oHe7mnj05fpYbESxXfxg/Gn905HTIzymCFrr/cn3A==",
      "license": "BSD-3-Clause",
      "dependencies": {
        "@lit/reactive-element": "^1.6.0",
        "lit-element": "^3.2.0",
        "lit-html": "^2.6.0"
      }
    },
    "node_modules/lit-element": {
      "version": "3.3.3",
      "resolved": "https://registry.npmjs.org/lit-element/-/lit-element-3.3.3.tgz",
      "integrity": "sha512-XbeRxmTHubXENkV4h8RIPyr8lXc+Ff28rkcQzw3G6up2xg5E8Zu1IgOWIwBLEQsu3cOVFqdYwiVi0hv0SlpqUA==",
      "license": "BSD-3-Clause",
      "dependencies": {
        "@lit-labs/ssr-dom-shim": "^1.1.0",
        "@lit/reactive-element": "^1.3.0",
        "lit-html": "^2.8.0"
      }
    },
    "node_modules/lit-html": {
      "version": "2.8.0",
      "resolved": "https://registry.npmjs.org/lit-html/-/lit-html-2.8.0.tgz",
      "integrity": "sha512-o9t+MQM3P4y7M7yNzqAyjp7z+mQGa4NS4CxiyLqFPyFWyc4O+nodLrkrxSaCTrla6M5YOLaT3RpbbqjszB5g3Q==",
      "license": "BSD-3-Clause",
      "dependencies": {
        "@types/trusted-types": "^2.0.2"
      }
    },
    "node_modules/lodash-es": {
      "version": "4.18.1",
      "resolved": "https://registry.npmjs.org/lodash-es/-/lodash-es-4.18.1.tgz",
      "integrity": "sha512-J8xewKD/Gk22OZbhpOVSwcs60zhd95ESDwezOFuA3/099925PdHJ7OFHNTGtajL3AlZkykD32HykiMo+BIBI8A==",
      "license": "MIT"
    },
    "node_modules/motion": {
      "version": "12.38.0",
      "resolved": "https://registry.npmjs.org/motion/-/motion-12.38.0.tgz",
      "integrity": "sha512-uYfXzeHlgThchzwz5Te47dlv5JOUC7OB4rjJ/7XTUgtBZD8CchMN8qEJ4ZVsUmTyYA44zjV0fBwsiktRuFnn+w==",
      "license": "MIT",
      "dependencies": {
        "framer-motion": "^12.38.0",
        "tslib": "^2.4.0"
      },
      "peerDependencies": {
        "@emotion/is-prop-valid": "*",
        "react": "^18.0.0 || ^19.0.0",
        "react-dom": "^18.0.0 || ^19.0.0"
      },
      "peerDependenciesMeta": {
        "@emotion/is-prop-valid": {
          "optional": true
        },
        "react": {
          "optional": true
        },
        "react-dom": {
          "optional": true
        }
      }
    },
    "node_modules/motion-dom": {
      "version": "12.38.0",
      "resolved": "https://registry.npmjs.org/motion-dom/-/motion-dom-12.38.0.tgz",
      "integrity": "sha512-pdkHLD8QYRp8VfiNLb8xIBJis1byQ9gPT3Jnh2jqfFtAsWUA3dEepDlsWe/xMpO8McV+VdpKVcp+E+TGJEtOoA==",
      "license": "MIT",
      "dependencies": {
        "motion-utils": "^12.36.0"
      }
    },
    "node_modules/motion-utils": {
      "version": "12.36.0",
      "resolved": "https://registry.npmjs.org/motion-utils/-/motion-utils-12.36.0.tgz",
      "integrity": "sha512-eHWisygbiwVvf6PZ1vhaHCLamvkSbPIeAYxWUuL3a2PD/TROgE7FvfHWTIH4vMl798QLfMw15nRqIaRDXTlYRg==",
      "license": "MIT"
    },
    "node_modules/ogl": {
      "version": "1.0.11",
      "resolved": "https://registry.npmjs.org/ogl/-/ogl-1.0.11.tgz",
      "integrity": "sha512-kUpC154AFfxi16pmZUK4jk3J+8zxwTWGPo03EoYA8QPbzikHoaC82n6pNTbd+oEaJonaE8aPWBlX7ad9zrqLsA==",
      "license": "Unlicense"
    },
    "node_modules/path-to-regexp": {
      "version": "6.3.0",
      "resolved": "https://registry.npmjs.org/path-to-regexp/-/path-to-regexp-6.3.0.tgz",
      "integrity": "sha512-Yhpw4T9C6hPpgPeA28us07OJeqZ5EzQTkbfwuhsUg0c237RomFoETJgmp2sa3F/41gfLE6G5cqcYwznmeEeOlQ==",
      "license": "MIT"
    },
    "node_modules/postprocessing": {
      "version": "6.39.0",
      "resolved": "https://registry.npmjs.org/postprocessing/-/postprocessing-6.39.0.tgz",
      "integrity": "sha512-/G6JY8hs426lcto/pBZlnFSkyEo1fHsh4gy7FPJtq1SaSUOzJgDW6f6f1K/+aMOYzK/eQEefyOb3++jPPIUeDA==",
      "license": "Zlib",
      "peerDependencies": {
        "three": ">= 0.168.0 < 0.184.0"
      }
    },
    "node_modules/splitting": {
      "version": "1.1.0",
      "resolved": "https://registry.npmjs.org/splitting/-/splitting-1.1.0.tgz",
      "integrity": "sha512-6Tj+4mvlSti4DUu1yl0PnkHIIoLchFYJHqz2DnwYkvEehXbjrR2epa4ds/xdto6ZdZsC+NP5IOOehi9VGjNlMQ==",
      "license": "MIT"
    },
    "node_modules/three": {
      "version": "0.175.0",
      "resolved": "https://registry.npmjs.org/three/-/three-0.175.0.tgz",
      "integrity": "sha512-nNE3pnTHxXN/Phw768u0Grr7W4+rumGg/H6PgeseNJojkJtmeHJfZWi41Gp2mpXl1pg1pf1zjwR4McM1jTqkpg==",
      "license": "MIT"
    },
    "node_modules/tslib": {
      "version": "2.8.1",
      "resolved": "https://registry.npmjs.org/tslib/-/tslib-2.8.1.tgz",
      "integrity": "sha512-oJFu94HQb+KVduSUQL7wnpmqnfmLsOA/nAh6b6EH0wCEoK0/mPeXU6c3wKDV83MkOuHPRHtSXKKU99IBazS/2w==",
      "license": "0BSD"
    }
  }
}
